
Microsoft Visual Studio Solution File, Format Version 12.00
# Visual Studio 15
VisualStudioVersion = 15.0.28307.136
MinimumVisualStudioVersion = 10.0.40219.1
Project("{FAE04EC0-301F-11D3-BF4B-00C04F79EFBC}") = "Harmonograph", "Harmonograph\Harmonograph.csproj", "{51DA880C-6F33-4CE5-90E7-26D41A2092BB}"
EndProject
Global
	GlobalSection(SolutionConfigurationPlatforms) = preSolution
		Debug|Any CPU = Debug|Any CPU
		Release|Any CPU = Release|Any CPU
	EndGlobalSection
	GlobalSection(ProjectConfigurationPlatforms) = postSolution
		{51DA880C-6F33-4CE5-90E7-26D41A2092BB}.Debug|Any CPU.ActiveCfg = Debug|Any CPU
		{51DA880C-6F33-4CE5-90E7-26D41A2092BB}.Debug|Any CPU.Build.0 = Debug|Any CPU
		{51DA880C-6F33-4CE5-90E7-26D41A2092BB}.Release|Any CPU.ActiveCfg = Release|Any CPU
		{51DA880C-6F33-4CE5-90E7-26D41A2092BB}.Release|Any CPU.Build.0 = Release|Any CPU
	EndGlobalSection
	GlobalSection(SolutionProperties) = preSolution
		HideSolutionNode = FALSE
	EndGlobalSection
	GlobalSection(ExtensibilityGlobals) = postSolution
		SolutionGuid = {6FE2072A-8042-4DE5-AAB4-4483350654D7}
	EndGlobalSection
EndGlobal
